
Microsoft Visual Studio Solution File, Format Version 12.00
# Visual Studio Version 16
VisualStudioVersion = 16.0.30907.101
MinimumVisualStudioVersion = 10.0.40219.1
Project("{9A19103F-16F7-4668-BE54-9A1E7A4F7556}") = "Console", "Console\Console.csproj", "{933325EC-5EF7-4FD8-BF64-9C60A9B4C152}"
EndProject
Project("{9A19103F-16F7-4668-BE54-9A1E7A4F7556}") = "Entities", "Entities\Entities.csproj", "{A48C76E7-01F8-43B9-ADDC-E28B97702DA0}"
EndProject
Project("{9A19103F-16F7-4668-BE54-9A1E7A4F7556}") = "DataAccess", "DataAccess\DataAccess.csproj", "{B514196C-3254-43A2-AB8E-6E2BFC2F42DF}"
EndProject
Project("{9A19103F-16F7-4668-BE54-9A1E7A4F7556}") = "Business", "Business\Business.csproj", "{9BD8F5E2-6F89-40FF-95B5-760B570091F6}"
EndProject
Project("{9A19103F-16F7-4668-BE54-9A1E7A4F7556}") = "Core", "Core\Core.csproj", "{05F3D67B-06B8-4662-B8AA-53A4FEF47C6C}"
EndProject
Project("{FAE04EC0-301F-11D3-BF4B-00C04F79EFBC}") = "WebAPI", "WebAPI\WebAPI.csproj", "{FC5E407B-FF61-4D95-BE10-3419F95FA43D}"
EndProject
Global
	GlobalSection(SolutionConfigurationPlatforms) = preSolution
		Debug|Any CPU = Debug|Any CPU
		Release|Any CPU = Release|Any CPU
	EndGlobalSection
	GlobalSection(ProjectConfigurationPlatforms) = postSolution
		{933325EC-5EF7-4FD8-BF64-9C60A9B4C152}.Debug|Any CPU.ActiveCfg = Debug|Any CPU
		{933325EC-5EF7-4FD8-BF64-9C60A9B4C152}.Debug|Any CPU.Build.0 = Debug|Any CPU
		{933325EC-5EF7-4FD8-BF64-9C60A9B4C152}.Release|Any CPU.ActiveCfg = Release|Any CPU
		{933325EC-5EF7-4FD8-BF64-9C60A9B4C152}.Release|Any CPU.Build.0 = Release|Any CPU
		{A48C76E7-01F8-43B9-ADDC-E28B97702DA0}.Debug|Any CPU.ActiveCfg = Debug|Any CPU
		{A48C76E7-01F8-43B9-ADDC-E28B97702DA0}.Debug|Any CPU.Build.0 = Debug|Any CPU
		{A48C76E7-01F8-43B9-ADDC-E28B97702DA0}.Release|Any CPU.ActiveCfg = Release|Any CPU
		{A48C76E7-01F8-43B9-ADDC-E28B97702DA0}.Release|Any CPU.Build.0 = Release|Any CPU
		{B514196C-3254-43A2-AB8E-6E2BFC2F42DF}.Debug|Any CPU.ActiveCfg = Debug|Any CPU
		{B514196C-3254-43A2-AB8E-6E2BFC2F42DF}.Debug|Any CPU.Build.0 = Debug|Any CPU
		{B514196C-3254-43A2-AB8E-6E2BFC2F42DF}.Release|Any CPU.ActiveCfg = Release|Any CPU
		{B514196C-3254-43A2-AB8E-6E2BFC2F42DF}.Release|Any CPU.Build.0 = Release|Any CPU
		{9BD8F5E2-6F89-40FF-95B5-760B570091F6}.Debug|Any CPU.ActiveCfg = Debug|Any CPU
		{9BD8F5E2-6F89-40FF-95B5-760B570091F6}.Debug|Any CPU.Build.0 = Debug|Any CPU
		{9BD8F5E2-6F89-40FF-95B5-760B570091F6}.Release|Any CPU.ActiveCfg = Release|Any CPU
		{9BD8F5E2-6F89-40FF-95B5-760B570091F6}.Release|Any CPU.Build.0 = Release|Any CPU
		{05F3D67B-06B8-4662-B8AA-53A4FEF47C6C}.Debug|Any CPU.ActiveCfg = Debug|Any CPU
		{05F3D67B-06B8-4662-B8AA-53A4FEF47C6C}.Debug|Any CPU.Build.0 = Debug|Any CPU
		{05F3D67B-06B8-4662-B8AA-53A4FEF47C6C}.Release|Any CPU.ActiveCfg = Release|Any CPU
		{05F3D67B-06B8-4662-B8AA-53A4FEF47C6C}.Release|Any CPU.Build.0 = Release|Any CPU
		{FC5E407B-FF61-4D95-BE10-3419F95FA43D}.Debug|Any CPU.ActiveCfg = Debug|Any CPU
		{FC5E407B-FF61-4D95-BE10-3419F95FA43D}.Debug|Any CPU.Build.0 = Debug|Any CPU
		{FC5E407B-FF61-4D95-BE10-3419F95FA43D}.Release|Any CPU.ActiveCfg = Release|Any CPU
		{FC5E407B-FF61-4D95-BE10-3419F95FA43D}.Release|Any CPU.Build.0 = Release|Any CPU
	EndGlobalSection
	GlobalSection(SolutionProperties) = preSolution
		HideSolutionNode = FALSE
	EndGlobalSection
	GlobalSection(ExtensibilityGlobals) = postSolution
		SolutionGuid = {23C289BB-2407-4F00-87A4-B81B54A5512C}
	EndGlobalSection
EndGlobal
